// !$*UTF8*$!
{
	archiveVersion = 1;
	classes = {
	};
	objectVersion = 55;
	objects = {

/* Begin PBXBuildFile section */
		DE4B7F6E28C912AB00E52D39 /* main.cpp in Sources */ = {isa = PBXBuildFile; fileRef = DE4B7F6D28C912AB00E52D39 /* main.cpp */; };
		DE4B7F7728C9135D00E52D39 /* HidMesh.cpp in Sources */ = {isa = PBXBuildFile; fileRef = DE4B7F7428C9135D00E52D39 /* HidMesh.cpp */; };
		DE4B7F7828C9135D00E52D39 /* HidMeshNodePackagesCachesStorage.cpp in Sources */ = {isa = PBXBuildFile; fileRef = DE4B7F7528C9135D00E52D39 /* HidMeshNodePackagesCachesStorage.cpp */; };
		DE4B7F7928C9135D00E52D39 /* HidMeshNode.cpp in Sources */ = {isa = PBXBuildFile; fileRef = DE4B7F7628C9135D00E52D39 /* HidMeshNode.cpp */; };
/* End PBXBuildFile section */

/* Begin PBXCopyFilesBuildPhase section */
		DE4B7F6128C9126B00E52D39 /* CopyFiles */ = {
			isa = PBXCopyFilesBuildPhase;
			buildActionMask = 2147483647;
			dstPath = /usr/share/man/man1/;
			dstSubfolderSpec = 0;
			files = (
			);
			runOnlyForDeploymentPostprocessing = 1;
		};
/* End PBXCopyFilesBuildPhase section */

/* Begin PBXFileReference section */
		DE4B7F6328C9126B00E52D39 /* HidMesh_NetworkSimulation */ = {isa = PBXFileReference; explicitFileType = "compiled.mach-o.executable"; includeInIndex = 0; path = HidMesh_NetworkSimulation; sourceTree = BUILT_PRODUCTS_DIR; };
		DE4B7F6D28C912AB00E52D39 /* main.cpp */ = {isa = PBXFileReference; fileEncoding = 4; lastKnownFileType = sourcecode.cpp.cpp; path = main.cpp; sourceTree = "<group>"; };
		DE4B7F7328C9135C00E52D39 /* HidMesh.hpp */ = {isa = PBXFileReference; fileEncoding = 4; lastKnownFileType = sourcecode.cpp.h; path = HidMesh.hpp; sourceTree = "<group>"; };
		DE4B7F7428C9135D00E52D39 /* HidMesh.cpp */ = {isa = PBXFileReference; fileEncoding = 4; lastKnownFileType = sourcecode.cpp.cpp; path = HidMesh.cpp; sourceTree = "<group>"; };
		DE4B7F7528C9135D00E52D39 /* HidMeshNodePackagesCachesStorage.cpp */ = {isa = PBXFileReference; fileEncoding = 4; lastKnownFileType = sourcecode.cpp.cpp; path = HidMeshNodePackagesCachesStorage.cpp; sourceTree = "<group>"; };
		DE4B7F7628C9135D00E52D39 /* HidMeshNode.cpp */ = {isa = PBXFileReference; fileEncoding = 4; lastKnownFileType = sourcecode.cpp.cpp; path = HidMeshNode.cpp; sourceTree = "<group>"; };
/* End PBXFileReference section */

/* Begin PBXFrameworksBuildPhase section */
		DE4B7F6028C9126B00E52D39 /* Frameworks */ = {
			isa = PBXFrameworksBuildPhase;
			buildActionMask = 2147483647;
			files = (
			);
			runOnlyForDeploymentPostprocessing = 0;
		};
/* End PBXFrameworksBuildPhase section */

/* Begin PBXGroup section */
		DE4B7F5A28C9126B00E52D39 = {
			isa = PBXGroup;
			children = (
				DE4B7F6528C9126B00E52D39 /* HidMesh */,
				DE4B7F6428C9126B00E52D39 /* Products */,
			);
			sourceTree = "<group>";
		};
		DE4B7F6428C9126B00E52D39 /* Products */ = {
			isa = PBXGroup;
			children = (
				DE4B7F6328C9126B00E52D39 /* HidMesh_NetworkSimulation */,
			);
			name = Products;
			sourceTree = "<group>";
		};
		DE4B7F6528C9126B00E52D39 /* HidMesh */ = {
			isa = PBXGroup;
			children = (
				DE4B7F7028C912D800E52D39 /* src */,
			);
			path = HidMesh;
			sourceTree = "<group>";
		};
		DE4B7F6F28C912C700E52D39 /* test */ = {
			isa = PBXGroup;
			children = (
				DE4B7F6D28C912AB00E52D39 /* main.cpp */,
			);
			path = test;
			sourceTree = "<group>";
		};
		DE4B7F7028C912D800E52D39 /* src */ = {
			isa = PBXGroup;
			children = (
				DE4B7F6F28C912C700E52D39 /* test */,
				DE4B7F7128C912E500E52D39 /* main */,
			);
			path = src;
			sourceTree = "<group>";
		};
		DE4B7F7128C912E500E52D39 /* main */ = {
			isa = PBXGroup;
			children = (
				DE4B7F7428C9135D00E52D39 /* HidMesh.cpp */,
				DE4B7F7328C9135C00E52D39 /* HidMesh.hpp */,
				DE4B7F7628C9135D00E52D39 /* HidMeshNode.cpp */,
				DE4B7F7528C9135D00E52D39 /* HidMeshNodePackagesCachesStorage.cpp */,
			);
			path = main;
			sourceTree = "<group>";
		};
/* End PBXGroup section */

/* Begin PBXNativeTarget section */
		DE4B7F6228C9126B00E52D39 /* HidMesh_NetworkSimulation */ = {
			isa = PBXNativeTarget;
			buildConfigurationList = DE4B7F6A28C9126B00E52D39 /* Build configuration list for PBXNativeTarget "HidMesh_NetworkSimulation" */;
			buildPhases = (
				DE4B7F5F28C9126B00E52D39 /* Sources */,
				DE4B7F6028C9126B00E52D39 /* Frameworks */,
				DE4B7F6128C9126B00E52D39 /* CopyFiles */,
			);
			buildRules = (
			);
			dependencies = (
			);
			name = HidMesh_NetworkSimulation;
			productName = HidMesh;
			productReference = DE4B7F6328C9126B00E52D39 /* HidMesh_NetworkSimulation */;
			productType = "com.apple.product-type.tool";
		};
/* End PBXNativeTarget section */

/* Begin PBXProject section */
		DE4B7F5B28C9126B00E52D39 /* Project object */ = {
			isa = PBXProject;
			attributes = {
				BuildIndependentTargetsInParallel = 1;
				LastUpgradeCheck = 1340;
				TargetAttributes = {
					DE4B7F6228C9126B00E52D39 = {
						CreatedOnToolsVersion = 13.4.1;
					};
				};
			};
			buildConfigurationList = DE4B7F5E28C9126B00E52D39 /* Build configuration list for PBXProject "HidMesh" */;
			compatibilityVersion = "Xcode 13.0";
			developmentRegion = en;
			hasScannedForEncodings = 0;
			knownRegions = (
				en,
				Base,
			);
			mainGroup = DE4B7F5A28C9126B00E52D39;
			productRefGroup = DE4B7F6428C9126B00E52D39 /* Products */;
			projectDirPath = "";
			projectRoot = "";
			targets = (
				DE4B7F6228C9126B00E52D39 /* HidMesh_NetworkSimulation */,
			);
		};
/* End PBXProject section */

/* Begin PBXSourcesBuildPhase section */
		DE4B7F5F28C9126B00E52D39 /* Sources */ = {
			isa = PBXSourcesBuildPhase;
			buildActionMask = 2147483647;
			files = (
				DE4B7F7928C9135D00E52D39 /* HidMeshNode.cpp in Sources */,
				DE4B7F7728C9135D00E52D39 /* HidMesh.cpp in Sources */,
				DE4B7F6E28C912AB00E52D39 /* main.cpp in Sources */,
				DE4B7F7828C9135D00E52D39 /* HidMeshNodePackagesCachesStorage.cpp in Sources */,
			);
			runOnlyForDeploymentPostprocessing = 0;
		};
/* End PBXSourcesBuildPhase section */

/* Begin XCBuildConfiguration section */
		DE4B7F6828C9126B00E52D39 /* Debug */ = {
			isa = XCBuildConfiguration;
			buildSettings = {
				ALWAYS_SEARCH_USER_PATHS = NO;
				CLANG_ANALYZER_NONNULL = YES;
				CLANG_ANALYZER_NUMBER_OBJECT_CONVERSION = YES_AGGRESSIVE;
				CLANG_CXX_LANGUAGE_STANDARD = "gnu++17";
				CLANG_ENABLE_MODULES = YES;
				CLANG_ENABLE_OBJC_ARC = YES;
				CLANG_ENABLE_OBJC_WEAK = YES;
				CLANG_WARN_BLOCK_CAPTURE_AUTORELEASING = YES;
				CLANG_WARN_BOOL_CONVERSION = YES;
				CLANG_WARN_COMMA = YES;
				CLANG_WARN_CONSTANT_CONVERSION = YES;
				CLANG_WARN_DEPRECATED_OBJC_IMPLEMENTATIONS = YES;
				CLANG_WARN_DIRECT_OBJC_ISA_USAGE = YES_ERROR;
				CLANG_WARN_DOCUMENTATION_COMMENTS = YES;
				CLANG_WARN_EMPTY_BODY = YES;
				CLANG_WARN_ENUM_CONVERSION = YES;
				CLANG_WARN_INFINITE_RECURSION = YES;
				CLANG_WARN_INT_CONVERSION = YES;
				CLANG_WARN_NON_LITERAL_NULL_CONVERSION = YES;
				CLANG_WARN_OBJC_IMPLICIT_RETAIN_SELF = YES;
				CLANG_WARN_OBJC_LITERAL_CONVERSION = YES;
				CLANG_WARN_OBJC_ROOT_CLASS = YES_ERROR;
				CLANG_WARN_QUOTED_INCLUDE_IN_FRAMEWORK_HEADER = YES;
				CLANG_WARN_RANGE_LOOP_ANALYSIS = YES;
				CLANG_WARN_STRICT_PROTOTYPES = YES;
				CLANG_WARN_SUSPICIOUS_MOVE = YES;
				CLANG_WARN_UNGUARDED_AVAILABILITY = YES_AGGRESSIVE;
				CLANG_WARN_UNREACHABLE_CODE = YES;
				CLANG_WARN__DUPLICATE_METHOD_MATCH = YES;
				COPY_PHASE_STRIP = NO;
				DEBUG_INFORMATION_FORMAT = dwarf;
				ENABLE_STRICT_OBJC_MSGSEND = YES;
				ENABLE_TESTABILITY = YES;
				GCC_C_LANGUAGE_STANDARD = gnu11;
				GCC_DYNAMIC_NO_PIC = NO;
				GCC_NO_COMMON_BLOCKS = YES;
				GCC_OPTIMIZATION_LEVEL = 0;
				GCC_PREPROCESSOR_DEFINITIONS = (
					"DEBUG=1",
					"$(inherited)",
					HID_MESH_SIMULATION_TEST,
				);
				GCC_WARN_64_TO_32_BIT_CONVERSION = YES;
				GCC_WARN_ABOUT_RETURN_TYPE = YES_ERROR;
				GCC_WARN_UNDECLARED_SELECTOR = YES;
				GCC_WARN_UNINITIALIZED_AUTOS = YES_AGGRESSIVE;
				GCC_WARN_UNUSED_FUNCTION = YES;
				GCC_WARN_UNUSED_VARIABLE = YES;
				MACOSX_DEPLOYMENT_TARGET = 12.3;
				MTL_ENABLE_DEBUG_INFO = INCLUDE_SOURCE;
				MTL_FAST_MATH = YES;
				ONLY_ACTIVE_ARCH = YES;
				SDKROOT = macosx;
			};
			name = Debug;
		};
		DE4B7F6928C9126B00E52D39 /* Release */ = {
			isa = XCBuildConfiguration;
			buildSettings = {
				ALWAYS_SEARCH_USER_PATHS = NO;
				CLANG_ANALYZER_NONNULL = YES;
				CLANG_ANALYZER_NUMBER_OBJECT_CONVERSION = YES_AGGRESSIVE;
				CLANG_CXX_LANGUAGE_STANDARD = "gnu++17";
				CLANG_ENABLE_MODULES = YES;
				CLANG_ENABLE_OBJC_ARC = YES;
				CLANG_ENABLE_OBJC_WEAK = YES;
				CLANG_WARN_BLOCK_CAPTURE_AUTORELEASING = YES;
				CLANG_WARN_BOOL_CONVERSION = YES;
				CLANG_WARN_COMMA = YES;
				CLANG_WARN_CONSTANT_CONVERSION = YES;
				CLANG_WARN_DEPRECATED_OBJC_IMPLEMENTATIONS = YES;
				CLANG_WARN_DIRECT_OBJC_ISA_USAGE = YES_ERROR;
				CLANG_WARN_DOCUMENTATION_COMMENTS = YES;
				CLANG_WARN_EMPTY_BODY = YES;
				CLANG_WARN_ENUM_CONVERSION = YES;
				CLANG_WARN_INFINITE_RECURSION = YES;
				CLANG_WARN_INT_CONVERSION = YES;
				CLANG_WARN_NON_LITERAL_NULL_CONVERSION = YES;
				CLANG_WARN_OBJC_IMPLICIT_RETAIN_SELF = YES;
				CLANG_WARN_OBJC_LITERAL_CONVERSION = YES;
				CLANG_WARN_OBJC_ROOT_CLASS = YES_ERROR;
				CLANG_WARN_QUOTED_INCLUDE_IN_FRAMEWORK_HEADER = YES;
				CLANG_WARN_RANGE_LOOP_ANALYSIS = YES;
				CLANG_WARN_STRICT_PROTOTYPES = YES;
				CLANG_WARN_SUSPICIOUS_MOVE = YES;
				CLANG_WARN_UNGUARDED_AVAILABILITY = YES_AGGRESSIVE;
				CLANG_WARN_UNREACHABLE_CODE = YES;
				CLANG_WARN__DUPLICATE_METHOD_MATCH = YES;
				COPY_PHASE_STRIP = NO;
				DEBUG_INFORMATION_FORMAT = "dwarf-with-dsym";
				ENABLE_NS_ASSERTIONS = NO;
				ENABLE_STRICT_OBJC_MSGSEND = YES;
				GCC_C_LANGUAGE_STANDARD = gnu11;
				GCC_NO_COMMON_BLOCKS = YES;
				GCC_WARN_64_TO_32_BIT_CONVERSION = YES;
				GCC_WARN_ABOUT_RETURN_TYPE = YES_ERROR;
				GCC_WARN_UNDECLARED_SELECTOR = YES;
				GCC_WARN_UNINITIALIZED_AUTOS = YES_AGGRESSIVE;
				GCC_WARN_UNUSED_FUNCTION = YES;
				GCC_WARN_UNUSED_VARIABLE = YES;
				MACOSX_DEPLOYMENT_TARGET = 12.3;
				MTL_ENABLE_DEBUG_INFO = NO;
				MTL_FAST_MATH = YES;
				SDKROOT = macosx;
			};
			name = Release;
		};
		DE4B7F6B28C9126B00E52D39 /* Debug */ = {
			isa = XCBuildConfiguration;
			buildSettings = {
				CODE_SIGN_STYLE = Automatic;
				DEVELOPMENT_TEAM = 3GMU8V8V7F;
				ENABLE_HARDENED_RUNTIME = YES;
				PRODUCT_NAME = "$(TARGET_NAME)";
			};
			name = Debug;
		};
		DE4B7F6C28C9126B00E52D39 /* Release */ = {
			isa = XCBuildConfiguration;
			buildSettings = {
				CODE_SIGN_STYLE = Automatic;
				DEVELOPMENT_TEAM = 3GMU8V8V7F;
				ENABLE_HARDENED_RUNTIME = YES;
				PRODUCT_NAME = "$(TARGET_NAME)";
			};
			name = Release;
		};
/* End XCBuildConfiguration section */

/* Begin XCConfigurationList section */
		DE4B7F5E28C9126B00E52D39 /* Build configuration list for PBXProject "HidMesh" */ = {
			isa = XCConfigurationList;
			buildConfigurations = (
				DE4B7F6828C9126B00E52D39 /* Debug */,
				DE4B7F6928C9126B00E52D39 /* Release */,
			);
			defaultConfigurationIsVisible = 0;
			defaultConfigurationName = Release;
		};
		DE4B7F6A28C9126B00E52D39 /* Build configuration list for PBXNativeTarget "HidMesh_NetworkSimulation" */ = {
			isa = XCConfigurationList;
			buildConfigurations = (
				DE4B7F6B28C9126B00E52D39 /* Debug */,
				DE4B7F6C28C9126B00E52D39 /* Release */,
			);
			defaultConfigurationIsVisible = 0;
			defaultConfigurationName = Release;
		};
/* End XCConfigurationList section */
	};
	rootObject = DE4B7F5B28C9126B00E52D39 /* Project object */;
}
